# This file is automatically @generated by Cargo.
# It is not intended for manual editing.
version = 3

[[package]]
name = "consumer"
version = "0.1.0"
dependencies = [
 "my-crate",
 "my-crate-library",
]

[[package]]
name = "my-crate"
version = "0.1.0"

[[package]]
name = "my-crate-library"
version = "0.1.0"
